{
  "name": "challenge",
  "lockfileVersion": 2,
  "requires": true,
  "packages": {
    "": {
      "dependencies": {
        "google-libphonenumber": "^3.2.25",
        "lodash": "^4.17.21"
      }
    },
    "node_modules/google-libphonenumber": {
      "version": "3.2.25",
      "resolved": "https://registry.npmjs.org/google-libphonenumber/-/google-libphonenumber-3.2.25.tgz",
      "integrity": "sha512-M/b5mij5o2aGnbe+Id9O3847jBtP0baW61foFkevxBxbuV4LH9AcujjYLd2UVkUPKVdMpKyBZxfeNwdxqobQFQ==",
      "engines": {
        "node": ">=0.10"
      }
    },
    "node_modules/lodash": {
      "version": "4.17.21",
      "resolved": "https://registry.npmjs.org/lodash/-/lodash-4.17.21.tgz",
      "integrity": "sha512-v2kDEe57lecTulaDIuNTPy3Ry4gLGJ6Z1O3vE1krgXZNrsQ+LFTGHVxVjcXPs17LhbZVGedAJv8XZ1tvj5FvSg=="
    }
  },
  "dependencies": {
    "google-libphonenumber": {
      "version": "3.2.25",
      "resolved": "https://registry.npmjs.org/google-libphonenumber/-/google-libphonenumber-3.2.25.tgz",
      "integrity": "sha512-M/b5mij5o2aGnbe+Id9O3847jBtP0baW61foFkevxBxbuV4LH9AcujjYLd2UVkUPKVdMpKyBZxfeNwdxqobQFQ=="
    },
    "lodash": {
      "version": "4.17.21",
      "resolved": "https://registry.npmjs.org/lodash/-/lodash-4.17.21.tgz",
      "integrity": "sha512-v2kDEe57lecTulaDIuNTPy3Ry4gLGJ6Z1O3vE1krgXZNrsQ+LFTGHVxVjcXPs17LhbZVGedAJv8XZ1tvj5FvSg=="
    }
  }
}
